
Microsoft Visual Studio Solution File, Format Version 12.00
# Visual Studio Version 17
VisualStudioVersion = 17.5.33502.453
MinimumVisualStudioVersion = 10.0.40219.1
Project("{FAE04EC0-301F-11D3-BF4B-00C04F79EFBC}") = "StudentAndAspirant", "StudentAndAspirant\StudentAndAspirant.csproj", "{3BEB6012-6C6F-42D3-B18C-5FA9A952D64C}"
EndProject
Project("{FAE04EC0-301F-11D3-BF4B-00C04F79EFBC}") = "MasNumbers", "MasNumbers\MasNumbers.csproj", "{F45E8515-1C5B-4069-8091-B7D3C563C404}"
EndProject
Global
	GlobalSection(SolutionConfigurationPlatforms) = preSolution
		Debug|Any CPU = Debug|Any CPU
		Release|Any CPU = Release|Any CPU
	EndGlobalSection
	GlobalSection(ProjectConfigurationPlatforms) = postSolution
		{3BEB6012-6C6F-42D3-B18C-5FA9A952D64C}.Debug|Any CPU.ActiveCfg = Debug|Any CPU
		{3BEB6012-6C6F-42D3-B18C-5FA9A952D64C}.Debug|Any CPU.Build.0 = Debug|Any CPU
		{3BEB6012-6C6F-42D3-B18C-5FA9A952D64C}.Release|Any CPU.ActiveCfg = Release|Any CPU
		{3BEB6012-6C6F-42D3-B18C-5FA9A952D64C}.Release|Any CPU.Build.0 = Release|Any CPU
		{F45E8515-1C5B-4069-8091-B7D3C563C404}.Debug|Any CPU.ActiveCfg = Debug|Any CPU
		{F45E8515-1C5B-4069-8091-B7D3C563C404}.Debug|Any CPU.Build.0 = Debug|Any CPU
		{F45E8515-1C5B-4069-8091-B7D3C563C404}.Release|Any CPU.ActiveCfg = Release|Any CPU
		{F45E8515-1C5B-4069-8091-B7D3C563C404}.Release|Any CPU.Build.0 = Release|Any CPU
	EndGlobalSection
	GlobalSection(SolutionProperties) = preSolution
		HideSolutionNode = FALSE
	EndGlobalSection
	GlobalSection(ExtensibilityGlobals) = postSolution
		SolutionGuid = {DD92180D-344F-4BE2-AB0D-C83A27782D3B}
	EndGlobalSection
EndGlobal
